
Microsoft Visual Studio Solution File, Format Version 12.00
# Visual Studio Version 17
VisualStudioVersion = 17.13.35825.156 d17.13
MinimumVisualStudioVersion = 10.0.40219.1
Project("{FAE04EC0-301F-11D3-BF4B-00C04F79EFBC}") = "Web_JbcHrms", "Web_JbcHrms.csproj", "{C851CDC1-58E3-4FAB-AE74-7CF04810BE62}"
EndProject
Global
	GlobalSection(SolutionConfigurationPlatforms) = preSolution
		Debug|Any CPU = Debug|Any CPU
		Release|Any CPU = Release|Any CPU
	EndGlobalSection
	GlobalSection(ProjectConfigurationPlatforms) = postSolution
		{C851CDC1-58E3-4FAB-AE74-7CF04810BE62}.Debug|Any CPU.ActiveCfg = Debug|Any CPU
		{C851CDC1-58E3-4FAB-AE74-7CF04810BE62}.Debug|Any CPU.Build.0 = Debug|Any CPU
		{C851CDC1-58E3-4FAB-AE74-7CF04810BE62}.Release|Any CPU.ActiveCfg = Release|Any CPU
		{C851CDC1-58E3-4FAB-AE74-7CF04810BE62}.Release|Any CPU.Build.0 = Release|Any CPU
	EndGlobalSection
	GlobalSection(SolutionProperties) = preSolution
		HideSolutionNode = FALSE
	EndGlobalSection
	GlobalSection(ExtensibilityGlobals) = postSolution
		SolutionGuid = {520CCFFB-B754-449D-A0D1-33C49F661EB1}
	EndGlobalSection
EndGlobal
